
Microsoft Visual Studio Solution File, Format Version 12.00
# Visual Studio 2013
VisualStudioVersion = 12.0.40629.0
MinimumVisualStudioVersion = 10.0.40219.1
Project("{2150E333-8FDC-42A3-9474-1A3956D46DE8}") = "Lesson1", "Lesson1", "{F2B21616-5DE4-47D2-8C4E-CA62EAD5B2A5}"
EndProject
Project("{FAE04EC0-301F-11D3-BF4B-00C04F79EFBC}") = "0_TapeEquilibrium", "Lesson1\0_TapeEquilibrium\0_TapeEquilibrium.csproj", "{767D7E96-245D-4D54-B466-A44E8BC61622}"
EndProject
Project("{FAE04EC0-301F-11D3-BF4B-00C04F79EFBC}") = "1_PermMissingElem", "Lesson1\1_PermMissingElem\1_PermMissingElem.csproj", "{6B8F15C4-40DE-4723-96DD-87FB23E608B0}"
EndProject
Project("{FAE04EC0-301F-11D3-BF4B-00C04F79EFBC}") = "2_FrogJmp", "Lesson1\2_FrogJmp\2_FrogJmp.csproj", "{E9E8C580-73A8-4394-983C-03F3DA24DCBF}"
EndProject
Project("{2150E333-8FDC-42A3-9474-1A3956D46DE8}") = "Lesson2", "Lesson2", "{5DB7B99A-EA1D-42BF-B38F-73FEA0D3D8F9}"
EndProject
Project("{FAE04EC0-301F-11D3-BF4B-00C04F79EFBC}") = "0_FrogRiverOne", "Lesson2\0_FrogRiverOne\0_FrogRiverOne.csproj", "{872CF7B6-C110-4BFD-BDC7-CBE0721900E1}"
EndProject
Project("{FAE04EC0-301F-11D3-BF4B-00C04F79EFBC}") = "1_PermCheck", "Lesson2\1_PermCheck\1_PermCheck.csproj", "{ABFC4D2D-83E9-4172-ACC3-038A9A471B5F}"
EndProject
Project("{FAE04EC0-301F-11D3-BF4B-00C04F79EFBC}") = "2_MissingInteger", "Lesson2\2_MissingInteger\2_MissingInteger.csproj", "{EA0AF1DB-7738-406B-A719-F58B090F3BBB}"
EndProject
Project("{FAE04EC0-301F-11D3-BF4B-00C04F79EFBC}") = "3_MaxCounters", "Lesson2\3_MaxCounters\3_MaxCounters.csproj", "{599E5C98-B0DF-4EDF-9DF8-622485BA6757}"
EndProject
Project("{2150E333-8FDC-42A3-9474-1A3956D46DE8}") = "Lesson3", "Lesson3", "{35A46DF6-6676-432C-B74C-F1427B6C9145}"
EndProject
Project("{FAE04EC0-301F-11D3-BF4B-00C04F79EFBC}") = "0_CountDiv", "Lesson3\0_CountDiv\0_CountDiv.csproj", "{33EBD31A-4D68-4EF9-B406-EB026C6FCE19}"
EndProject
Project("{FAE04EC0-301F-11D3-BF4B-00C04F79EFBC}") = "1_PassingCars", "Lesson3\1_PassingCars\1_PassingCars.csproj", "{3FBBAE93-175E-420A-AA2C-0BD3341E803B}"
EndProject
Project("{2150E333-8FDC-42A3-9474-1A3956D46DE8}") = "Lesson4", "Lesson4", "{9B4F2963-CEC7-42DC-B4D2-87105C73B01C}"
EndProject
Project("{FAE04EC0-301F-11D3-BF4B-00C04F79EFBC}") = "0_MaxProductOfThree", "Lesson4\0_MaxProductOfThree\0_MaxProductOfThree.csproj", "{A59F30DB-30D6-4A39-B9F0-569B1EC14FE9}"
EndProject
Project("{FAE04EC0-301F-11D3-BF4B-00C04F79EFBC}") = "1_Distinct", "Lesson4\1_Distinct\1_Distinct.csproj", "{01EA2BA5-55E8-4352-A1B2-CFEBFF5FB5F5}"
EndProject
Project("{2150E333-8FDC-42A3-9474-1A3956D46DE8}") = "Lesson5", "Lesson5", "{96E96460-7964-4F9E-9E4A-A33A6D8FDF05}"
EndProject
Project("{FAE04EC0-301F-11D3-BF4B-00C04F79EFBC}") = "0_Nesting", "Lesson5\0_Nesting\0_Nesting.csproj", "{5E1A6CBB-A819-4D8C-AA71-4314D72A053F}"
EndProject
Project("{FAE04EC0-301F-11D3-BF4B-00C04F79EFBC}") = "1_StoneWall", "Lesson5\1_StoneWall\1_StoneWall.csproj", "{B26C0B6D-0203-46E0-9BDB-88045F3397A1}"
EndProject
Project("{2150E333-8FDC-42A3-9474-1A3956D46DE8}") = "Lesson6", "Lesson6", "{3F570136-C182-4234-9077-ACF217EC5CA3}"
EndProject
Project("{FAE04EC0-301F-11D3-BF4B-00C04F79EFBC}") = "0_Dominator", "Lesson6\0_Dominator\0_Dominator.csproj", "{2EA48868-A15B-45B1-94FC-F83B2DE6F54C}"
EndProject
Project("{FAE04EC0-301F-11D3-BF4B-00C04F79EFBC}") = "1_EquiLeader", "Lesson6\1_EquiLeader\1_EquiLeader.csproj", "{866BE313-B7A6-413B-9544-0DD831D2E2CA}"
EndProject
Project("{2150E333-8FDC-42A3-9474-1A3956D46DE8}") = "Lesson7", "Lesson7", "{88188430-17C8-4E72-A614-EA47250532C2}"
EndProject
Project("{FAE04EC0-301F-11D3-BF4B-00C04F79EFBC}") = "0_MaxDoubleSliceSum", "Lesson7\0_MaxDoubleSliceSum\0_MaxDoubleSliceSum.csproj", "{49DA8C71-0AEB-48A3-82B5-A550B1BABF38}"
EndProject
Project("{FAE04EC0-301F-11D3-BF4B-00C04F79EFBC}") = "1_MaxProfit", "Lesson7\1_MaxProfit\1_MaxProfit.csproj", "{34721DFF-D96B-4679-9B0D-E1688BFB9244}"
EndProject
Project("{FAE04EC0-301F-11D3-BF4B-00C04F79EFBC}") = "2_MaxSliceSum", "Lesson7\2_MaxSliceSum\2_MaxSliceSum.csproj", "{FFC144BF-83E8-4EA6-A3EC-89E8D8DEBE11}"
EndProject
Project("{2150E333-8FDC-42A3-9474-1A3956D46DE8}") = "Lesson8", "Lesson8", "{B3A2017E-F6B3-4558-B817-894ECBD990D4}"
EndProject
Project("{FAE04EC0-301F-11D3-BF4B-00C04F79EFBC}") = "0_MinPerimeterRectangle", "Lesson8\0_MinPerimeterRectangle\0_MinPerimeterRectangle.csproj", "{EF3A9B9E-A79F-4B94-88B6-FDB15BDF5017}"
EndProject
Project("{FAE04EC0-301F-11D3-BF4B-00C04F79EFBC}") = "1_CountFactors", "Lesson8\1_CountFactors\1_CountFactors.csproj", "{9EC615AA-CB95-4AD7-9CC3-8153D7A39973}"
EndProject
Project("{2150E333-8FDC-42A3-9474-1A3956D46DE8}") = "Lesson9", "Lesson9", "{F6B9A727-D1E0-4944-A8BF-4A3E388D2DFB}"
EndProject
Project("{FAE04EC0-301F-11D3-BF4B-00C04F79EFBC}") = "0_CountSemiprimes", "Lesson9\0_CountSemiprimes\0_CountSemiprimes.csproj", "{175DA381-CEBF-4DDD-B189-2C0BA2525E9E}"
EndProject
Global
	GlobalSection(SolutionConfigurationPlatforms) = preSolution
		Debug|Any CPU = Debug|Any CPU
		Release|Any CPU = Release|Any CPU
	EndGlobalSection
	GlobalSection(ProjectConfigurationPlatforms) = postSolution
		{767D7E96-245D-4D54-B466-A44E8BC61622}.Debug|Any CPU.ActiveCfg = Debug|Any CPU
		{767D7E96-245D-4D54-B466-A44E8BC61622}.Debug|Any CPU.Build.0 = Debug|Any CPU
		{767D7E96-245D-4D54-B466-A44E8BC61622}.Release|Any CPU.ActiveCfg = Release|Any CPU
		{767D7E96-245D-4D54-B466-A44E8BC61622}.Release|Any CPU.Build.0 = Release|Any CPU
		{6B8F15C4-40DE-4723-96DD-87FB23E608B0}.Debug|Any CPU.ActiveCfg = Debug|Any CPU
		{6B8F15C4-40DE-4723-96DD-87FB23E608B0}.Debug|Any CPU.Build.0 = Debug|Any CPU
		{6B8F15C4-40DE-4723-96DD-87FB23E608B0}.Release|Any CPU.ActiveCfg = Release|Any CPU
		{6B8F15C4-40DE-4723-96DD-87FB23E608B0}.Release|Any CPU.Build.0 = Release|Any CPU
		{E9E8C580-73A8-4394-983C-03F3DA24DCBF}.Debug|Any CPU.ActiveCfg = Debug|Any CPU
		{E9E8C580-73A8-4394-983C-03F3DA24DCBF}.Debug|Any CPU.Build.0 = Debug|Any CPU
		{E9E8C580-73A8-4394-983C-03F3DA24DCBF}.Release|Any CPU.ActiveCfg = Release|Any CPU
		{E9E8C580-73A8-4394-983C-03F3DA24DCBF}.Release|Any CPU.Build.0 = Release|Any CPU
		{872CF7B6-C110-4BFD-BDC7-CBE0721900E1}.Debug|Any CPU.ActiveCfg = Debug|Any CPU
		{872CF7B6-C110-4BFD-BDC7-CBE0721900E1}.Debug|Any CPU.Build.0 = Debug|Any CPU
		{872CF7B6-C110-4BFD-BDC7-CBE0721900E1}.Release|Any CPU.ActiveCfg = Release|Any CPU
		{872CF7B6-C110-4BFD-BDC7-CBE0721900E1}.Release|Any CPU.Build.0 = Release|Any CPU
		{ABFC4D2D-83E9-4172-ACC3-038A9A471B5F}.Debug|Any CPU.ActiveCfg = Debug|Any CPU
		{ABFC4D2D-83E9-4172-ACC3-038A9A471B5F}.Debug|Any CPU.Build.0 = Debug|Any CPU
		{ABFC4D2D-83E9-4172-ACC3-038A9A471B5F}.Release|Any CPU.ActiveCfg = Release|Any CPU
		{ABFC4D2D-83E9-4172-ACC3-038A9A471B5F}.Release|Any CPU.Build.0 = Release|Any CPU
		{EA0AF1DB-7738-406B-A719-F58B090F3BBB}.Debug|Any CPU.ActiveCfg = Debug|Any CPU
		{EA0AF1DB-7738-406B-A719-F58B090F3BBB}.Debug|Any CPU.Build.0 = Debug|Any CPU
		{EA0AF1DB-7738-406B-A719-F58B090F3BBB}.Release|Any CPU.ActiveCfg = Release|Any CPU
		{EA0AF1DB-7738-406B-A719-F58B090F3BBB}.Release|Any CPU.Build.0 = Release|Any CPU
		{599E5C98-B0DF-4EDF-9DF8-622485BA6757}.Debug|Any CPU.ActiveCfg = Debug|Any CPU
		{599E5C98-B0DF-4EDF-9DF8-622485BA6757}.Debug|Any CPU.Build.0 = Debug|Any CPU
		{599E5C98-B0DF-4EDF-9DF8-622485BA6757}.Release|Any CPU.ActiveCfg = Release|Any CPU
		{599E5C98-B0DF-4EDF-9DF8-622485BA6757}.Release|Any CPU.Build.0 = Release|Any CPU
		{33EBD31A-4D68-4EF9-B406-EB026C6FCE19}.Debug|Any CPU.ActiveCfg = Debug|Any CPU
		{33EBD31A-4D68-4EF9-B406-EB026C6FCE19}.Debug|Any CPU.Build.0 = Debug|Any CPU
		{33EBD31A-4D68-4EF9-B406-EB026C6FCE19}.Release|Any CPU.ActiveCfg = Release|Any CPU
		{33EBD31A-4D68-4EF9-B406-EB026C6FCE19}.Release|Any CPU.Build.0 = Release|Any CPU
		{3FBBAE93-175E-420A-AA2C-0BD3341E803B}.Debug|Any CPU.ActiveCfg = Debug|Any CPU
		{3FBBAE93-175E-420A-AA2C-0BD3341E803B}.Debug|Any CPU.Build.0 = Debug|Any CPU
		{3FBBAE93-175E-420A-AA2C-0BD3341E803B}.Release|Any CPU.ActiveCfg = Release|Any CPU
		{3FBBAE93-175E-420A-AA2C-0BD3341E803B}.Release|Any CPU.Build.0 = Release|Any CPU
		{A59F30DB-30D6-4A39-B9F0-569B1EC14FE9}.Debug|Any CPU.ActiveCfg = Debug|Any CPU
		{A59F30DB-30D6-4A39-B9F0-569B1EC14FE9}.Debug|Any CPU.Build.0 = Debug|Any CPU
		{A59F30DB-30D6-4A39-B9F0-569B1EC14FE9}.Release|Any CPU.ActiveCfg = Release|Any CPU
		{A59F30DB-30D6-4A39-B9F0-569B1EC14FE9}.Release|Any CPU.Build.0 = Release|Any CPU
		{01EA2BA5-55E8-4352-A1B2-CFEBFF5FB5F5}.Debug|Any CPU.ActiveCfg = Debug|Any CPU
		{01EA2BA5-55E8-4352-A1B2-CFEBFF5FB5F5}.Debug|Any CPU.Build.0 = Debug|Any CPU
		{01EA2BA5-55E8-4352-A1B2-CFEBFF5FB5F5}.Release|Any CPU.ActiveCfg = Release|Any CPU
		{01EA2BA5-55E8-4352-A1B2-CFEBFF5FB5F5}.Release|Any CPU.Build.0 = Release|Any CPU
		{5E1A6CBB-A819-4D8C-AA71-4314D72A053F}.Debug|Any CPU.ActiveCfg = Debug|Any CPU
		{5E1A6CBB-A819-4D8C-AA71-4314D72A053F}.Debug|Any CPU.Build.0 = Debug|Any CPU
		{5E1A6CBB-A819-4D8C-AA71-4314D72A053F}.Release|Any CPU.ActiveCfg = Release|Any CPU
		{5E1A6CBB-A819-4D8C-AA71-4314D72A053F}.Release|Any CPU.Build.0 = Release|Any CPU
		{B26C0B6D-0203-46E0-9BDB-88045F3397A1}.Debug|Any CPU.ActiveCfg = Debug|Any CPU
		{B26C0B6D-0203-46E0-9BDB-88045F3397A1}.Debug|Any CPU.Build.0 = Debug|Any CPU
		{B26C0B6D-0203-46E0-9BDB-88045F3397A1}.Release|Any CPU.ActiveCfg = Release|Any CPU
		{B26C0B6D-0203-46E0-9BDB-88045F3397A1}.Release|Any CPU.Build.0 = Release|Any CPU
		{2EA48868-A15B-45B1-94FC-F83B2DE6F54C}.Debug|Any CPU.ActiveCfg = Debug|Any CPU
		{2EA48868-A15B-45B1-94FC-F83B2DE6F54C}.Debug|Any CPU.Build.0 = Debug|Any CPU
		{2EA48868-A15B-45B1-94FC-F83B2DE6F54C}.Release|Any CPU.ActiveCfg = Release|Any CPU
		{2EA48868-A15B-45B1-94FC-F83B2DE6F54C}.Release|Any CPU.Build.0 = Release|Any CPU
		{866BE313-B7A6-413B-9544-0DD831D2E2CA}.Debug|Any CPU.ActiveCfg = Debug|Any CPU
		{866BE313-B7A6-413B-9544-0DD831D2E2CA}.Debug|Any CPU.Build.0 = Debug|Any CPU
		{866BE313-B7A6-413B-9544-0DD831D2E2CA}.Release|Any CPU.ActiveCfg = Release|Any CPU
		{866BE313-B7A6-413B-9544-0DD831D2E2CA}.Release|Any CPU.Build.0 = Release|Any CPU
		{49DA8C71-0AEB-48A3-82B5-A550B1BABF38}.Debug|Any CPU.ActiveCfg = Debug|Any CPU
		{49DA8C71-0AEB-48A3-82B5-A550B1BABF38}.Debug|Any CPU.Build.0 = Debug|Any CPU
		{49DA8C71-0AEB-48A3-82B5-A550B1BABF38}.Release|Any CPU.ActiveCfg = Release|Any CPU
		{49DA8C71-0AEB-48A3-82B5-A550B1BABF38}.Release|Any CPU.Build.0 = Release|Any CPU
		{34721DFF-D96B-4679-9B0D-E1688BFB9244}.Debug|Any CPU.ActiveCfg = Debug|Any CPU
		{34721DFF-D96B-4679-9B0D-E1688BFB9244}.Debug|Any CPU.Build.0 = Debug|Any CPU
		{34721DFF-D96B-4679-9B0D-E1688BFB9244}.Release|Any CPU.ActiveCfg = Release|Any CPU
		{34721DFF-D96B-4679-9B0D-E1688BFB9244}.Release|Any CPU.Build.0 = Release|Any CPU
		{FFC144BF-83E8-4EA6-A3EC-89E8D8DEBE11}.Debug|Any CPU.ActiveCfg = Debug|Any CPU
		{FFC144BF-83E8-4EA6-A3EC-89E8D8DEBE11}.Debug|Any CPU.Build.0 = Debug|Any CPU
		{FFC144BF-83E8-4EA6-A3EC-89E8D8DEBE11}.Release|Any CPU.ActiveCfg = Release|Any CPU
		{FFC144BF-83E8-4EA6-A3EC-89E8D8DEBE11}.Release|Any CPU.Build.0 = Release|Any CPU
		{EF3A9B9E-A79F-4B94-88B6-FDB15BDF5017}.Debug|Any CPU.ActiveCfg = Debug|Any CPU
		{EF3A9B9E-A79F-4B94-88B6-FDB15BDF5017}.Debug|Any CPU.Build.0 = Debug|Any CPU
		{EF3A9B9E-A79F-4B94-88B6-FDB15BDF5017}.Release|Any CPU.ActiveCfg = Release|Any CPU
		{EF3A9B9E-A79F-4B94-88B6-FDB15BDF5017}.Release|Any CPU.Build.0 = Release|Any CPU
		{9EC615AA-CB95-4AD7-9CC3-8153D7A39973}.Debug|Any CPU.ActiveCfg = Debug|Any CPU
		{9EC615AA-CB95-4AD7-9CC3-8153D7A39973}.Debug|Any CPU.Build.0 = Debug|Any CPU
		{9EC615AA-CB95-4AD7-9CC3-8153D7A39973}.Release|Any CPU.ActiveCfg = Release|Any CPU
		{9EC615AA-CB95-4AD7-9CC3-8153D7A39973}.Release|Any CPU.Build.0 = Release|Any CPU
		{175DA381-CEBF-4DDD-B189-2C0BA2525E9E}.Debug|Any CPU.ActiveCfg = Debug|Any CPU
		{175DA381-CEBF-4DDD-B189-2C0BA2525E9E}.Debug|Any CPU.Build.0 = Debug|Any CPU
		{175DA381-CEBF-4DDD-B189-2C0BA2525E9E}.Release|Any CPU.ActiveCfg = Release|Any CPU
		{175DA381-CEBF-4DDD-B189-2C0BA2525E9E}.Release|Any CPU.Build.0 = Release|Any CPU
	EndGlobalSection
	GlobalSection(SolutionProperties) = preSolution
		HideSolutionNode = FALSE
	EndGlobalSection
	GlobalSection(NestedProjects) = preSolution
		{767D7E96-245D-4D54-B466-A44E8BC61622} = {F2B21616-5DE4-47D2-8C4E-CA62EAD5B2A5}
		{6B8F15C4-40DE-4723-96DD-87FB23E608B0} = {F2B21616-5DE4-47D2-8C4E-CA62EAD5B2A5}
		{E9E8C580-73A8-4394-983C-03F3DA24DCBF} = {F2B21616-5DE4-47D2-8C4E-CA62EAD5B2A5}
		{872CF7B6-C110-4BFD-BDC7-CBE0721900E1} = {5DB7B99A-EA1D-42BF-B38F-73FEA0D3D8F9}
		{ABFC4D2D-83E9-4172-ACC3-038A9A471B5F} = {5DB7B99A-EA1D-42BF-B38F-73FEA0D3D8F9}
		{EA0AF1DB-7738-406B-A719-F58B090F3BBB} = {5DB7B99A-EA1D-42BF-B38F-73FEA0D3D8F9}
		{599E5C98-B0DF-4EDF-9DF8-622485BA6757} = {5DB7B99A-EA1D-42BF-B38F-73FEA0D3D8F9}
		{33EBD31A-4D68-4EF9-B406-EB026C6FCE19} = {35A46DF6-6676-432C-B74C-F1427B6C9145}
		{3FBBAE93-175E-420A-AA2C-0BD3341E803B} = {35A46DF6-6676-432C-B74C-F1427B6C9145}
		{A59F30DB-30D6-4A39-B9F0-569B1EC14FE9} = {9B4F2963-CEC7-42DC-B4D2-87105C73B01C}
		{01EA2BA5-55E8-4352-A1B2-CFEBFF5FB5F5} = {9B4F2963-CEC7-42DC-B4D2-87105C73B01C}
		{5E1A6CBB-A819-4D8C-AA71-4314D72A053F} = {96E96460-7964-4F9E-9E4A-A33A6D8FDF05}
		{B26C0B6D-0203-46E0-9BDB-88045F3397A1} = {96E96460-7964-4F9E-9E4A-A33A6D8FDF05}
		{2EA48868-A15B-45B1-94FC-F83B2DE6F54C} = {3F570136-C182-4234-9077-ACF217EC5CA3}
		{866BE313-B7A6-413B-9544-0DD831D2E2CA} = {3F570136-C182-4234-9077-ACF217EC5CA3}
		{49DA8C71-0AEB-48A3-82B5-A550B1BABF38} = {88188430-17C8-4E72-A614-EA47250532C2}
		{34721DFF-D96B-4679-9B0D-E1688BFB9244} = {88188430-17C8-4E72-A614-EA47250532C2}
		{FFC144BF-83E8-4EA6-A3EC-89E8D8DEBE11} = {88188430-17C8-4E72-A614-EA47250532C2}
		{EF3A9B9E-A79F-4B94-88B6-FDB15BDF5017} = {B3A2017E-F6B3-4558-B817-894ECBD990D4}
		{9EC615AA-CB95-4AD7-9CC3-8153D7A39973} = {B3A2017E-F6B3-4558-B817-894ECBD990D4}
		{175DA381-CEBF-4DDD-B189-2C0BA2525E9E} = {F6B9A727-D1E0-4944-A8BF-4A3E388D2DFB}
	EndGlobalSection
EndGlobal
