
Microsoft Visual Studio Solution File, Format Version 12.00
# Visual Studio 2013
VisualStudioVersion = 12.0.40629.0
MinimumVisualStudioVersion = 10.0.40219.1
Project("{2150E333-8FDC-42A3-9474-1A3956D46DE8}") = "1_Iterations", "1_Iterations", "{FB285B34-38FB-445A-A359-D6C8C44F16C2}"
EndProject
Project("{FAE04EC0-301F-11D3-BF4B-00C04F79EFBC}") = "1_BinaryGap", "1_Iterations\1_BinaryGap\1_BinaryGap.csproj", "{D880745E-EAE0-4028-9C7C-51199DA9AC93}"
EndProject
Project("{2150E333-8FDC-42A3-9474-1A3956D46DE8}") = "2_Arrays", "2_Arrays", "{9F1A837A-85CC-4B9F-A9CA-74C4BA94D909}"
EndProject
Project("{FAE04EC0-301F-11D3-BF4B-00C04F79EFBC}") = "1_OddOccurrencesInArray", "2_Arrays\1_OddOccurrencesInArray\1_OddOccurrencesInArray.csproj", "{B58E44FD-1ACB-43DD-AE55-0ADA32427DFE}"
EndProject
Project("{2150E333-8FDC-42A3-9474-1A3956D46DE8}") = "3_TimeComplexity", "3_TimeComplexity", "{ACBD8573-5B35-468D-A34F-2116719685A5}"
EndProject
Project("{FAE04EC0-301F-11D3-BF4B-00C04F79EFBC}") = "1_TapeEquilibrium", "3_TimeComplexity\1_TapeEquilibrium\1_TapeEquilibrium.csproj", "{B80F8AC9-ED64-4FA3-A5E7-50760801A398}"
EndProject
Project("{FAE04EC0-301F-11D3-BF4B-00C04F79EFBC}") = "2_PermMissingElem", "3_TimeComplexity\2_PermMissingElem\2_PermMissingElem.csproj", "{F60A227D-3E70-4C88-8EDB-0DCA00CA8430}"
EndProject
Project("{FAE04EC0-301F-11D3-BF4B-00C04F79EFBC}") = "3_FrogJmp", "3_TimeComplexity\3_FrogJmp\3_FrogJmp.csproj", "{7BEB9CDA-E49C-4186-9C9F-835C5DD9CC7D}"
EndProject
Project("{2150E333-8FDC-42A3-9474-1A3956D46DE8}") = "4_CountingElements", "4_CountingElements", "{B7CAAC5C-41BE-482D-B334-D741001F3277}"
EndProject
Project("{FAE04EC0-301F-11D3-BF4B-00C04F79EFBC}") = "1_FrogRiverOne", "4_CountingElements\1_FrogRiverOne\1_FrogRiverOne.csproj", "{6582CF11-D997-4434-A244-A92D367C73E8}"
EndProject
Project("{FAE04EC0-301F-11D3-BF4B-00C04F79EFBC}") = "2_PermCheck", "4_CountingElements\2_PermCheck\2_PermCheck.csproj", "{6BA219FB-F8B0-4F9E-A3CF-63B50711E800}"
EndProject
Project("{FAE04EC0-301F-11D3-BF4B-00C04F79EFBC}") = "3_MissingInteger", "4_CountingElements\3_MissingInteger\3_MissingInteger.csproj", "{A5F12BE5-3D24-4573-816F-157579479B85}"
EndProject
Project("{FAE04EC0-301F-11D3-BF4B-00C04F79EFBC}") = "4_MaxCounters", "4_CountingElements\4_MaxCounters\4_MaxCounters.csproj", "{D55DFD8E-CC6C-4DD1-A5B0-AE0F16569A4F}"
EndProject
Project("{2150E333-8FDC-42A3-9474-1A3956D46DE8}") = "5_PrefixSums", "5_PrefixSums", "{A0843CA7-07B5-45B7-A02E-9437779EBFD6}"
EndProject
Project("{FAE04EC0-301F-11D3-BF4B-00C04F79EFBC}") = "1_CountDiv", "5_PrefixSums\1_CountDiv\1_CountDiv.csproj", "{BE752761-D32F-4A53-9D77-B329E719649A}"
EndProject
Project("{FAE04EC0-301F-11D3-BF4B-00C04F79EFBC}") = "2_PassingCars", "5_PrefixSums\2_PassingCars\2_PassingCars.csproj", "{3D576418-7F36-4F01-A8E6-ED07CA3FC659}"
EndProject
Global
	GlobalSection(SolutionConfigurationPlatforms) = preSolution
		Debug|Any CPU = Debug|Any CPU
		Release|Any CPU = Release|Any CPU
	EndGlobalSection
	GlobalSection(ProjectConfigurationPlatforms) = postSolution
		{D880745E-EAE0-4028-9C7C-51199DA9AC93}.Debug|Any CPU.ActiveCfg = Debug|Any CPU
		{D880745E-EAE0-4028-9C7C-51199DA9AC93}.Debug|Any CPU.Build.0 = Debug|Any CPU
		{D880745E-EAE0-4028-9C7C-51199DA9AC93}.Release|Any CPU.ActiveCfg = Release|Any CPU
		{D880745E-EAE0-4028-9C7C-51199DA9AC93}.Release|Any CPU.Build.0 = Release|Any CPU
		{B58E44FD-1ACB-43DD-AE55-0ADA32427DFE}.Debug|Any CPU.ActiveCfg = Debug|Any CPU
		{B58E44FD-1ACB-43DD-AE55-0ADA32427DFE}.Debug|Any CPU.Build.0 = Debug|Any CPU
		{B58E44FD-1ACB-43DD-AE55-0ADA32427DFE}.Release|Any CPU.ActiveCfg = Release|Any CPU
		{B58E44FD-1ACB-43DD-AE55-0ADA32427DFE}.Release|Any CPU.Build.0 = Release|Any CPU
		{B80F8AC9-ED64-4FA3-A5E7-50760801A398}.Debug|Any CPU.ActiveCfg = Debug|Any CPU
		{B80F8AC9-ED64-4FA3-A5E7-50760801A398}.Debug|Any CPU.Build.0 = Debug|Any CPU
		{B80F8AC9-ED64-4FA3-A5E7-50760801A398}.Release|Any CPU.ActiveCfg = Release|Any CPU
		{B80F8AC9-ED64-4FA3-A5E7-50760801A398}.Release|Any CPU.Build.0 = Release|Any CPU
		{F60A227D-3E70-4C88-8EDB-0DCA00CA8430}.Debug|Any CPU.ActiveCfg = Debug|Any CPU
		{F60A227D-3E70-4C88-8EDB-0DCA00CA8430}.Debug|Any CPU.Build.0 = Debug|Any CPU
		{F60A227D-3E70-4C88-8EDB-0DCA00CA8430}.Release|Any CPU.ActiveCfg = Release|Any CPU
		{F60A227D-3E70-4C88-8EDB-0DCA00CA8430}.Release|Any CPU.Build.0 = Release|Any CPU
		{7BEB9CDA-E49C-4186-9C9F-835C5DD9CC7D}.Debug|Any CPU.ActiveCfg = Debug|Any CPU
		{7BEB9CDA-E49C-4186-9C9F-835C5DD9CC7D}.Debug|Any CPU.Build.0 = Debug|Any CPU
		{7BEB9CDA-E49C-4186-9C9F-835C5DD9CC7D}.Release|Any CPU.ActiveCfg = Release|Any CPU
		{7BEB9CDA-E49C-4186-9C9F-835C5DD9CC7D}.Release|Any CPU.Build.0 = Release|Any CPU
		{6582CF11-D997-4434-A244-A92D367C73E8}.Debug|Any CPU.ActiveCfg = Debug|Any CPU
		{6582CF11-D997-4434-A244-A92D367C73E8}.Debug|Any CPU.Build.0 = Debug|Any CPU
		{6582CF11-D997-4434-A244-A92D367C73E8}.Release|Any CPU.ActiveCfg = Release|Any CPU
		{6582CF11-D997-4434-A244-A92D367C73E8}.Release|Any CPU.Build.0 = Release|Any CPU
		{6BA219FB-F8B0-4F9E-A3CF-63B50711E800}.Debug|Any CPU.ActiveCfg = Debug|Any CPU
		{6BA219FB-F8B0-4F9E-A3CF-63B50711E800}.Debug|Any CPU.Build.0 = Debug|Any CPU
		{6BA219FB-F8B0-4F9E-A3CF-63B50711E800}.Release|Any CPU.ActiveCfg = Release|Any CPU
		{6BA219FB-F8B0-4F9E-A3CF-63B50711E800}.Release|Any CPU.Build.0 = Release|Any CPU
		{A5F12BE5-3D24-4573-816F-157579479B85}.Debug|Any CPU.ActiveCfg = Debug|Any CPU
		{A5F12BE5-3D24-4573-816F-157579479B85}.Debug|Any CPU.Build.0 = Debug|Any CPU
		{A5F12BE5-3D24-4573-816F-157579479B85}.Release|Any CPU.ActiveCfg = Release|Any CPU
		{A5F12BE5-3D24-4573-816F-157579479B85}.Release|Any CPU.Build.0 = Release|Any CPU
		{D55DFD8E-CC6C-4DD1-A5B0-AE0F16569A4F}.Debug|Any CPU.ActiveCfg = Debug|Any CPU
		{D55DFD8E-CC6C-4DD1-A5B0-AE0F16569A4F}.Debug|Any CPU.Build.0 = Debug|Any CPU
		{D55DFD8E-CC6C-4DD1-A5B0-AE0F16569A4F}.Release|Any CPU.ActiveCfg = Release|Any CPU
		{D55DFD8E-CC6C-4DD1-A5B0-AE0F16569A4F}.Release|Any CPU.Build.0 = Release|Any CPU
		{BE752761-D32F-4A53-9D77-B329E719649A}.Debug|Any CPU.ActiveCfg = Debug|Any CPU
		{BE752761-D32F-4A53-9D77-B329E719649A}.Debug|Any CPU.Build.0 = Debug|Any CPU
		{BE752761-D32F-4A53-9D77-B329E719649A}.Release|Any CPU.ActiveCfg = Release|Any CPU
		{BE752761-D32F-4A53-9D77-B329E719649A}.Release|Any CPU.Build.0 = Release|Any CPU
		{3D576418-7F36-4F01-A8E6-ED07CA3FC659}.Debug|Any CPU.ActiveCfg = Debug|Any CPU
		{3D576418-7F36-4F01-A8E6-ED07CA3FC659}.Debug|Any CPU.Build.0 = Debug|Any CPU
		{3D576418-7F36-4F01-A8E6-ED07CA3FC659}.Release|Any CPU.ActiveCfg = Release|Any CPU
		{3D576418-7F36-4F01-A8E6-ED07CA3FC659}.Release|Any CPU.Build.0 = Release|Any CPU
	EndGlobalSection
	GlobalSection(SolutionProperties) = preSolution
		HideSolutionNode = FALSE
	EndGlobalSection
	GlobalSection(NestedProjects) = preSolution
		{D880745E-EAE0-4028-9C7C-51199DA9AC93} = {FB285B34-38FB-445A-A359-D6C8C44F16C2}
		{B58E44FD-1ACB-43DD-AE55-0ADA32427DFE} = {9F1A837A-85CC-4B9F-A9CA-74C4BA94D909}
		{B80F8AC9-ED64-4FA3-A5E7-50760801A398} = {ACBD8573-5B35-468D-A34F-2116719685A5}
		{F60A227D-3E70-4C88-8EDB-0DCA00CA8430} = {ACBD8573-5B35-468D-A34F-2116719685A5}
		{7BEB9CDA-E49C-4186-9C9F-835C5DD9CC7D} = {ACBD8573-5B35-468D-A34F-2116719685A5}
		{6582CF11-D997-4434-A244-A92D367C73E8} = {B7CAAC5C-41BE-482D-B334-D741001F3277}
		{6BA219FB-F8B0-4F9E-A3CF-63B50711E800} = {B7CAAC5C-41BE-482D-B334-D741001F3277}
		{A5F12BE5-3D24-4573-816F-157579479B85} = {B7CAAC5C-41BE-482D-B334-D741001F3277}
		{D55DFD8E-CC6C-4DD1-A5B0-AE0F16569A4F} = {B7CAAC5C-41BE-482D-B334-D741001F3277}
		{BE752761-D32F-4A53-9D77-B329E719649A} = {A0843CA7-07B5-45B7-A02E-9437779EBFD6}
		{3D576418-7F36-4F01-A8E6-ED07CA3FC659} = {A0843CA7-07B5-45B7-A02E-9437779EBFD6}
	EndGlobalSection
EndGlobal
